// !$*UTF8*$!
{
	archiveVersion = 1;
	classes = {
	};
	objectVersion = 50;
	objects = {

/* Begin PBXBuildFile section */
		F0F9CB3C242B3DC10041FDD2 /* AppDelegate.swift in Sources */ = {isa = PBXBuildFile; fileRef = F0F9CB3B242B3DC10041FDD2 /* AppDelegate.swift */; };
		F0F9CB3E242B3DC10041FDD2 /* SceneDelegate.swift in Sources */ = {isa = PBXBuildFile; fileRef = F0F9CB3D242B3DC10041FDD2 /* SceneDelegate.swift */; };
		F0F9CB40242B3DC10041FDD2 /* ContentView.swift in Sources */ = {isa = PBXBuildFile; fileRef = F0F9CB3F242B3DC10041FDD2 /* ContentView.swift */; };
		F0F9CB42242B3DC40041FDD2 /* Assets.xcassets in Resources */ = {isa = PBXBuildFile; fileRef = F0F9CB41242B3DC40041FDD2 /* Assets.xcassets */; };
		F0F9CB45242B3DC40041FDD2 /* Preview Assets.xcassets in Resources */ = {isa = PBXBuildFile; fileRef = F0F9CB44242B3DC40041FDD2 /* Preview Assets.xcassets */; };
		F0F9CB48242B3DC40041FDD2 /* LaunchScreen.storyboard in Resources */ = {isa = PBXBuildFile; fileRef = F0F9CB46242B3DC40041FDD2 /* LaunchScreen.storyboard */; };
		F0F9CB53242B3DC50041FDD2 /* QuickQuadTests.swift in Sources */ = {isa = PBXBuildFile; fileRef = F0F9CB52242B3DC50041FDD2 /* QuickQuadTests.swift */; };
		F0F9CB5E242B3DC50041FDD2 /* QuickQuadUITests.swift in Sources */ = {isa = PBXBuildFile; fileRef = F0F9CB5D242B3DC50041FDD2 /* QuickQuadUITests.swift */; };
/* End PBXBuildFile section */

/* Begin PBXContainerItemProxy section */
		F0F9CB4F242B3DC40041FDD2 /* PBXContainerItemProxy */ = {
			isa = PBXContainerItemProxy;
			containerPortal = F0F9CB30242B3DC10041FDD2 /* Project object */;
			proxyType = 1;
			remoteGlobalIDString = F0F9CB37242B3DC10041FDD2;
			remoteInfo = QuickQuad;
		};
		F0F9CB5A242B3DC50041FDD2 /* PBXContainerItemProxy */ = {
			isa = PBXContainerItemProxy;
			containerPortal = F0F9CB30242B3DC10041FDD2 /* Project object */;
			proxyType = 1;
			remoteGlobalIDString = F0F9CB37242B3DC10041FDD2;
			remoteInfo = QuickQuad;
		};
/* End PBXContainerItemProxy section */

/* Begin PBXFileReference section */
		F0F9CB38242B3DC10041FDD2 /* QuickQuad.app */ = {isa = PBXFileReference; explicitFileType = wrapper.application; includeInIndex = 0; path = QuickQuad.app; sourceTree = BUILT_PRODUCTS_DIR; };
		F0F9CB3B242B3DC10041FDD2 /* AppDelegate.swift */ = {isa = PBXFileReference; lastKnownFileType = sourcecode.swift; path = AppDelegate.swift; sourceTree = "<group>"; };
		F0F9CB3D242B3DC10041FDD2 /* SceneDelegate.swift */ = {isa = PBXFileReference; lastKnownFileType = sourcecode.swift; path = SceneDelegate.swift; sourceTree = "<group>"; };
		F0F9CB3F242B3DC10041FDD2 /* ContentView.swift */ = {isa = PBXFileReference; lastKnownFileType = sourcecode.swift; path = ContentView.swift; sourceTree = "<group>"; };
		F0F9CB41242B3DC40041FDD2 /* Assets.xcassets */ = {isa = PBXFileReference; lastKnownFileType = folder.assetcatalog; path = Assets.xcassets; sourceTree = "<group>"; };
		F0F9CB44242B3DC40041FDD2 /* Preview Assets.xcassets */ = {isa = PBXFileReference; lastKnownFileType = folder.assetcatalog; path = "Preview Assets.xcassets"; sourceTree = "<group>"; };
		F0F9CB47242B3DC40041FDD2 /* Base */ = {isa = PBXFileReference; lastKnownFileType = file.storyboard; name = Base; path = Base.lproj/LaunchScreen.storyboard; sourceTree = "<group>"; };
		F0F9CB49242B3DC40041FDD2 /* Info.plist */ = {isa = PBXFileReference; lastKnownFileType = text.plist.xml; path = Info.plist; sourceTree = "<group>"; };
		F0F9CB4E242B3DC40041FDD2 /* QuickQuadTests.xctest */ = {isa = PBXFileReference; explicitFileType = wrapper.cfbundle; includeInIndex = 0; path = QuickQuadTests.xctest; sourceTree = BUILT_PRODUCTS_DIR; };
		F0F9CB52242B3DC50041FDD2 /* QuickQuadTests.swift */ = {isa = PBXFileReference; lastKnownFileType = sourcecode.swift; path = QuickQuadTests.swift; sourceTree = "<group>"; };
		F0F9CB54242B3DC50041FDD2 /* Info.plist */ = {isa = PBXFileReference; lastKnownFileType = text.plist.xml; path = Info.plist; sourceTree = "<group>"; };
		F0F9CB59242B3DC50041FDD2 /* QuickQuadUITests.xctest */ = {isa = PBXFileReference; explicitFileType = wrapper.cfbundle; includeInIndex = 0; path = QuickQuadUITests.xctest; sourceTree = BUILT_PRODUCTS_DIR; };
		F0F9CB5D242B3DC50041FDD2 /* QuickQuadUITests.swift */ = {isa = PBXFileReference; lastKnownFileType = sourcecode.swift; path = QuickQuadUITests.swift; sourceTree = "<group>"; };
		F0F9CB5F242B3DC50041FDD2 /* Info.plist */ = {isa = PBXFileReference; lastKnownFileType = text.plist.xml; path = Info.plist; sourceTree = "<group>"; };
/* End PBXFileReference section */

/* Begin PBXFrameworksBuildPhase section */
		F0F9CB35242B3DC10041FDD2 /* Frameworks */ = {
			isa = PBXFrameworksBuildPhase;
			buildActionMask = 2147483647;
			files = (
			);
			runOnlyForDeploymentPostprocessing = 0;
		};
		F0F9CB4B242B3DC40041FDD2 /* Frameworks */ = {
			isa = PBXFrameworksBuildPhase;
			buildActionMask = 2147483647;
			files = (
			);
			runOnlyForDeploymentPostprocessing = 0;
		};
		F0F9CB56242B3DC50041FDD2 /* Frameworks */ = {
			isa = PBXFrameworksBuildPhase;
			buildActionMask = 2147483647;
			files = (
			);
			runOnlyForDeploymentPostprocessing = 0;
		};
/* End PBXFrameworksBuildPhase section */

/* Begin PBXGroup section */
		F0F9CB2F242B3DC10041FDD2 = {
			isa = PBXGroup;
			children = (
				F0F9CB3A242B3DC10041FDD2 /* QuickQuad */,
				F0F9CB51242B3DC50041FDD2 /* QuickQuadTests */,
				F0F9CB5C242B3DC50041FDD2 /* QuickQuadUITests */,
				F0F9CB39242B3DC10041FDD2 /* Products */,
			);
			sourceTree = "<group>";
		};
		F0F9CB39242B3DC10041FDD2 /* Products */ = {
			isa = PBXGroup;
			children = (
				F0F9CB38242B3DC10041FDD2 /* QuickQuad.app */,
				F0F9CB4E242B3DC40041FDD2 /* QuickQuadTests.xctest */,
				F0F9CB59242B3DC50041FDD2 /* QuickQuadUITests.xctest */,
			);
			name = Products;
			sourceTree = "<group>";
		};
		F0F9CB3A242B3DC10041FDD2 /* QuickQuad */ = {
			isa = PBXGroup;
			children = (
				F0F9CB3B242B3DC10041FDD2 /* AppDelegate.swift */,
				F0F9CB3D242B3DC10041FDD2 /* SceneDelegate.swift */,
				F0F9CB3F242B3DC10041FDD2 /* ContentView.swift */,
				F0F9CB41242B3DC40041FDD2 /* Assets.xcassets */,
				F0F9CB46242B3DC40041FDD2 /* LaunchScreen.storyboard */,
				F0F9CB49242B3DC40041FDD2 /* Info.plist */,
				F0F9CB43242B3DC40041FDD2 /* Preview Content */,
			);
			path = QuickQuad;
			sourceTree = "<group>";
		};
		F0F9CB43242B3DC40041FDD2 /* Preview Content */ = {
			isa = PBXGroup;
			children = (
				F0F9CB44242B3DC40041FDD2 /* Preview Assets.xcassets */,
			);
			path = "Preview Content";
			sourceTree = "<group>";
		};
		F0F9CB51242B3DC50041FDD2 /* QuickQuadTests */ = {
			isa = PBXGroup;
			children = (
				F0F9CB52242B3DC50041FDD2 /* QuickQuadTests.swift */,
				F0F9CB54242B3DC50041FDD2 /* Info.plist */,
			);
			path = QuickQuadTests;
			sourceTree = "<group>";
		};
		F0F9CB5C242B3DC50041FDD2 /* QuickQuadUITests */ = {
			isa = PBXGroup;
			children = (
				F0F9CB5D242B3DC50041FDD2 /* QuickQuadUITests.swift */,
				F0F9CB5F242B3DC50041FDD2 /* Info.plist */,
			);
			path = QuickQuadUITests;
			sourceTree = "<group>";
		};
/* End PBXGroup section */

/* Begin PBXNativeTarget section */
		F0F9CB37242B3DC10041FDD2 /* QuickQuad */ = {
			isa = PBXNativeTarget;
			buildConfigurationList = F0F9CB62242B3DC50041FDD2 /* Build configuration list for PBXNativeTarget "QuickQuad" */;
			buildPhases = (
				F0F9CB34242B3DC10041FDD2 /* Sources */,
				F0F9CB35242B3DC10041FDD2 /* Frameworks */,
				F0F9CB36242B3DC10041FDD2 /* Resources */,
			);
			buildRules = (
			);
			dependencies = (
			);
			name = QuickQuad;
			productName = QuickQuad;
			productReference = F0F9CB38242B3DC10041FDD2 /* QuickQuad.app */;
			productType = "com.apple.product-type.application";
		};
		F0F9CB4D242B3DC40041FDD2 /* QuickQuadTests */ = {
			isa = PBXNativeTarget;
			buildConfigurationList = F0F9CB65242B3DC50041FDD2 /* Build configuration list for PBXNativeTarget "QuickQuadTests" */;
			buildPhases = (
				F0F9CB4A242B3DC40041FDD2 /* Sources */,
				F0F9CB4B242B3DC40041FDD2 /* Frameworks */,
				F0F9CB4C242B3DC40041FDD2 /* Resources */,
			);
			buildRules = (
			);
			dependencies = (
				F0F9CB50242B3DC40041FDD2 /* PBXTargetDependency */,
			);
			name = QuickQuadTests;
			productName = QuickQuadTests;
			productReference = F0F9CB4E242B3DC40041FDD2 /* QuickQuadTests.xctest */;
			productType = "com.apple.product-type.bundle.unit-test";
		};
		F0F9CB58242B3DC50041FDD2 /* QuickQuadUITests */ = {
			isa = PBXNativeTarget;
			buildConfigurationList = F0F9CB68242B3DC50041FDD2 /* Build configuration list for PBXNativeTarget "QuickQuadUITests" */;
			buildPhases = (
				F0F9CB55242B3DC50041FDD2 /* Sources */,
				F0F9CB56242B3DC50041FDD2 /* Frameworks */,
				F0F9CB57242B3DC50041FDD2 /* Resources */,
			);
			buildRules = (
			);
			dependencies = (
				F0F9CB5B242B3DC50041FDD2 /* PBXTargetDependency */,
			);
			name = QuickQuadUITests;
			productName = QuickQuadUITests;
			productReference = F0F9CB59242B3DC50041FDD2 /* QuickQuadUITests.xctest */;
			productType = "com.apple.product-type.bundle.ui-testing";
		};
/* End PBXNativeTarget section */

/* Begin PBXProject section */
		F0F9CB30242B3DC10041FDD2 /* Project object */ = {
			isa = PBXProject;
			attributes = {
				LastSwiftUpdateCheck = 1130;
				LastUpgradeCheck = 1130;
				ORGANIZATIONNAME = Toyoshin;
				TargetAttributes = {
					F0F9CB37242B3DC10041FDD2 = {
						CreatedOnToolsVersion = 11.3.1;
					};
					F0F9CB4D242B3DC40041FDD2 = {
						CreatedOnToolsVersion = 11.3.1;
						TestTargetID = F0F9CB37242B3DC10041FDD2;
					};
					F0F9CB58242B3DC50041FDD2 = {
						CreatedOnToolsVersion = 11.3.1;
						TestTargetID = F0F9CB37242B3DC10041FDD2;
					};
				};
			};
			buildConfigurationList = F0F9CB33242B3DC10041FDD2 /* Build configuration list for PBXProject "QuickQuad" */;
			compatibilityVersion = "Xcode 9.3";
			developmentRegion = en;
			hasScannedForEncodings = 0;
			knownRegions = (
				en,
				Base,
			);
			mainGroup = F0F9CB2F242B3DC10041FDD2;
			productRefGroup = F0F9CB39242B3DC10041FDD2 /* Products */;
			projectDirPath = "";
			projectRoot = "";
			targets = (
				F0F9CB37242B3DC10041FDD2 /* QuickQuad */,
				F0F9CB4D242B3DC40041FDD2 /* QuickQuadTests */,
				F0F9CB58242B3DC50041FDD2 /* QuickQuadUITests */,
			);
		};
/* End PBXProject section */

/* Begin PBXResourcesBuildPhase section */
		F0F9CB36242B3DC10041FDD2 /* Resources */ = {
			isa = PBXResourcesBuildPhase;
			buildActionMask = 2147483647;
			files = (
				F0F9CB48242B3DC40041FDD2 /* LaunchScreen.storyboard in Resources */,
				F0F9CB45242B3DC40041FDD2 /* Preview Assets.xcassets in Resources */,
				F0F9CB42242B3DC40041FDD2 /* Assets.xcassets in Resources */,
			);
			runOnlyForDeploymentPostprocessing = 0;
		};
		F0F9CB4C242B3DC40041FDD2 /* Resources */ = {
			isa = PBXResourcesBuildPhase;
			buildActionMask = 2147483647;
			files = (
			);
			runOnlyForDeploymentPostprocessing = 0;
		};
		F0F9CB57242B3DC50041FDD2 /* Resources */ = {
			isa = PBXResourcesBuildPhase;
			buildActionMask = 2147483647;
			files = (
			);
			runOnlyForDeploymentPostprocessing = 0;
		};
/* End PBXResourcesBuildPhase section */

/* Begin PBXSourcesBuildPhase section */
		F0F9CB34242B3DC10041FDD2 /* Sources */ = {
			isa = PBXSourcesBuildPhase;
			buildActionMask = 2147483647;
			files = (
				F0F9CB3C242B3DC10041FDD2 /* AppDelegate.swift in Sources */,
				F0F9CB3E242B3DC10041FDD2 /* SceneDelegate.swift in Sources */,
				F0F9CB40242B3DC10041FDD2 /* ContentView.swift in Sources */,
			);
			runOnlyForDeploymentPostprocessing = 0;
		};
		F0F9CB4A242B3DC40041FDD2 /* Sources */ = {
			isa = PBXSourcesBuildPhase;
			buildActionMask = 2147483647;
			files = (
				F0F9CB53242B3DC50041FDD2 /* QuickQuadTests.swift in Sources */,
			);
			runOnlyForDeploymentPostprocessing = 0;
		};
		F0F9CB55242B3DC50041FDD2 /* Sources */ = {
			isa = PBXSourcesBuildPhase;
			buildActionMask = 2147483647;
			files = (
				F0F9CB5E242B3DC50041FDD2 /* QuickQuadUITests.swift in Sources */,
			);
			runOnlyForDeploymentPostprocessing = 0;
		};
/* End PBXSourcesBuildPhase section */

/* Begin PBXTargetDependency section */
		F0F9CB50242B3DC40041FDD2 /* PBXTargetDependency */ = {
			isa = PBXTargetDependency;
			target = F0F9CB37242B3DC10041FDD2 /* QuickQuad */;
			targetProxy = F0F9CB4F242B3DC40041FDD2 /* PBXContainerItemProxy */;
		};
		F0F9CB5B242B3DC50041FDD2 /* PBXTargetDependency */ = {
			isa = PBXTargetDependency;
			target = F0F9CB37242B3DC10041FDD2 /* QuickQuad */;
			targetProxy = F0F9CB5A242B3DC50041FDD2 /* PBXContainerItemProxy */;
		};
/* End PBXTargetDependency section */

/* Begin PBXVariantGroup section */
		F0F9CB46242B3DC40041FDD2 /* LaunchScreen.storyboard */ = {
			isa = PBXVariantGroup;
			children = (
				F0F9CB47242B3DC40041FDD2 /* Base */,
			);
			name = LaunchScreen.storyboard;
			sourceTree = "<group>";
		};
/* End PBXVariantGroup section */

/* Begin XCBuildConfiguration section */
		F0F9CB60242B3DC50041FDD2 /* Debug */ = {
			isa = XCBuildConfiguration;
			buildSettings = {
				ALWAYS_SEARCH_USER_PATHS = NO;
				CLANG_ANALYZER_NONNULL = YES;
				CLANG_ANALYZER_NUMBER_OBJECT_CONVERSION = YES_AGGRESSIVE;
				CLANG_CXX_LANGUAGE_STANDARD = "gnu++14";
				CLANG_CXX_LIBRARY = "libc++";
				CLANG_ENABLE_MODULES = YES;
				CLANG_ENABLE_OBJC_ARC = YES;
				CLANG_ENABLE_OBJC_WEAK = YES;
				CLANG_WARN_BLOCK_CAPTURE_AUTORELEASING = YES;
				CLANG_WARN_BOOL_CONVERSION = YES;
				CLANG_WARN_COMMA = YES;
				CLANG_WARN_CONSTANT_CONVERSION = YES;
				CLANG_WARN_DEPRECATED_OBJC_IMPLEMENTATIONS = YES;
				CLANG_WARN_DIRECT_OBJC_ISA_USAGE = YES_ERROR;
				CLANG_WARN_DOCUMENTATION_COMMENTS = YES;
				CLANG_WARN_EMPTY_BODY = YES;
				CLANG_WARN_ENUM_CONVERSION = YES;
				CLANG_WARN_INFINITE_RECURSION = YES;
				CLANG_WARN_INT_CONVERSION = YES;
				CLANG_WARN_NON_LITERAL_NULL_CONVERSION = YES;
				CLANG_WARN_OBJC_IMPLICIT_RETAIN_SELF = YES;
				CLANG_WARN_OBJC_LITERAL_CONVERSION = YES;
				CLANG_WARN_OBJC_ROOT_CLASS = YES_ERROR;
				CLANG_WARN_RANGE_LOOP_ANALYSIS = YES;
				CLANG_WARN_STRICT_PROTOTYPES = YES;
				CLANG_WARN_SUSPICIOUS_MOVE = YES;
				CLANG_WARN_UNGUARDED_AVAILABILITY = YES_AGGRESSIVE;
				CLANG_WARN_UNREACHABLE_CODE = YES;
				CLANG_WARN__DUPLICATE_METHOD_MATCH = YES;
				COPY_PHASE_STRIP = NO;
				DEBUG_INFORMATION_FORMAT = dwarf;
				ENABLE_STRICT_OBJC_MSGSEND = YES;
				ENABLE_TESTABILITY = YES;
				GCC_C_LANGUAGE_STANDARD = gnu11;
				GCC_DYNAMIC_NO_PIC = NO;
				GCC_NO_COMMON_BLOCKS = YES;
				GCC_OPTIMIZATION_LEVEL = 0;
				GCC_PREPROCESSOR_DEFINITIONS = (
					"DEBUG=1",
					"$(inherited)",
				);
				GCC_WARN_64_TO_32_BIT_CONVERSION = YES;
				GCC_WARN_ABOUT_RETURN_TYPE = YES_ERROR;
				GCC_WARN_UNDECLARED_SELECTOR = YES;
				GCC_WARN_UNINITIALIZED_AUTOS = YES_AGGRESSIVE;
				GCC_WARN_UNUSED_FUNCTION = YES;
				GCC_WARN_UNUSED_VARIABLE = YES;
				IPHONEOS_DEPLOYMENT_TARGET = 13.2;
				MTL_ENABLE_DEBUG_INFO = INCLUDE_SOURCE;
				MTL_FAST_MATH = YES;
				ONLY_ACTIVE_ARCH = YES;
				SDKROOT = iphoneos;
				SWIFT_ACTIVE_COMPILATION_CONDITIONS = DEBUG;
				SWIFT_OPTIMIZATION_LEVEL = "-Onone";
			};
			name = Debug;
		};
		F0F9CB61242B3DC50041FDD2 /* Release */ = {
			isa = XCBuildConfiguration;
			buildSettings = {
				ALWAYS_SEARCH_USER_PATHS = NO;
				CLANG_ANALYZER_NONNULL = YES;
				CLANG_ANALYZER_NUMBER_OBJECT_CONVERSION = YES_AGGRESSIVE;
				CLANG_CXX_LANGUAGE_STANDARD = "gnu++14";
				CLANG_CXX_LIBRARY = "libc++";
				CLANG_ENABLE_MODULES = YES;
				CLANG_ENABLE_OBJC_ARC = YES;
				CLANG_ENABLE_OBJC_WEAK = YES;
				CLANG_WARN_BLOCK_CAPTURE_AUTORELEASING = YES;
				CLANG_WARN_BOOL_CONVERSION = YES;
				CLANG_WARN_COMMA = YES;
				CLANG_WARN_CONSTANT_CONVERSION = YES;
				CLANG_WARN_DEPRECATED_OBJC_IMPLEMENTATIONS = YES;
				CLANG_WARN_DIRECT_OBJC_ISA_USAGE = YES_ERROR;
				CLANG_WARN_DOCUMENTATION_COMMENTS = YES;
				CLANG_WARN_EMPTY_BODY = YES;
				CLANG_WARN_ENUM_CONVERSION = YES;
				CLANG_WARN_INFINITE_RECURSION = YES;
				CLANG_WARN_INT_CONVERSION = YES;
				CLANG_WARN_NON_LITERAL_NULL_CONVERSION = YES;
				CLANG_WARN_OBJC_IMPLICIT_RETAIN_SELF = YES;
				CLANG_WARN_OBJC_LITERAL_CONVERSION = YES;
				CLANG_WARN_OBJC_ROOT_CLASS = YES_ERROR;
				CLANG_WARN_RANGE_LOOP_ANALYSIS = YES;
				CLANG_WARN_STRICT_PROTOTYPES = YES;
				CLANG_WARN_SUSPICIOUS_MOVE = YES;
				CLANG_WARN_UNGUARDED_AVAILABILITY = YES_AGGRESSIVE;
				CLANG_WARN_UNREACHABLE_CODE = YES;
				CLANG_WARN__DUPLICATE_METHOD_MATCH = YES;
				COPY_PHASE_STRIP = NO;
				DEBUG_INFORMATION_FORMAT = "dwarf-with-dsym";
				ENABLE_NS_ASSERTIONS = NO;
				ENABLE_STRICT_OBJC_MSGSEND = YES;
				GCC_C_LANGUAGE_STANDARD = gnu11;
				GCC_NO_COMMON_BLOCKS = YES;
				GCC_WARN_64_TO_32_BIT_CONVERSION = YES;
				GCC_WARN_ABOUT_RETURN_TYPE = YES_ERROR;
				GCC_WARN_UNDECLARED_SELECTOR = YES;
				GCC_WARN_UNINITIALIZED_AUTOS = YES_AGGRESSIVE;
				GCC_WARN_UNUSED_FUNCTION = YES;
				GCC_WARN_UNUSED_VARIABLE = YES;
				IPHONEOS_DEPLOYMENT_TARGET = 13.2;
				MTL_ENABLE_DEBUG_INFO = NO;
				MTL_FAST_MATH = YES;
				SDKROOT = iphoneos;
				SWIFT_COMPILATION_MODE = wholemodule;
				SWIFT_OPTIMIZATION_LEVEL = "-O";
				VALIDATE_PRODUCT = YES;
			};
			name = Release;
		};
		F0F9CB63242B3DC50041FDD2 /* Debug */ = {
			isa = XCBuildConfiguration;
			buildSettings = {
				ASSETCATALOG_COMPILER_APPICON_NAME = AppIcon;
				CODE_SIGN_STYLE = Automatic;
				DEVELOPMENT_ASSET_PATHS = "\"QuickQuad/Preview Content\"";
				DEVELOPMENT_TEAM = F2FS772AW5;
				ENABLE_PREVIEWS = YES;
				INFOPLIST_FILE = QuickQuad/Info.plist;
				LD_RUNPATH_SEARCH_PATHS = (
					"$(inherited)",
					"@executable_path/Frameworks",
				);
				PRODUCT_BUNDLE_IDENTIFIER = com.Toyoshin.QuickQuad;
				PRODUCT_NAME = "$(TARGET_NAME)";
				SWIFT_VERSION = 5.0;
				TARGETED_DEVICE_FAMILY = "1,2";
			};
			name = Debug;
		};
		F0F9CB64242B3DC50041FDD2 /* Release */ = {
			isa = XCBuildConfiguration;
			buildSettings = {
				ASSETCATALOG_COMPILER_APPICON_NAME = AppIcon;
				CODE_SIGN_STYLE = Automatic;
				DEVELOPMENT_ASSET_PATHS = "\"QuickQuad/Preview Content\"";
				DEVELOPMENT_TEAM = F2FS772AW5;
				ENABLE_PREVIEWS = YES;
				INFOPLIST_FILE = QuickQuad/Info.plist;
				LD_RUNPATH_SEARCH_PATHS = (
					"$(inherited)",
					"@executable_path/Frameworks",
				);
				PRODUCT_BUNDLE_IDENTIFIER = com.Toyoshin.QuickQuad;
				PRODUCT_NAME = "$(TARGET_NAME)";
				SWIFT_VERSION = 5.0;
				TARGETED_DEVICE_FAMILY = "1,2";
			};
			name = Release;
		};
		F0F9CB66242B3DC50041FDD2 /* Debug */ = {
			isa = XCBuildConfiguration;
			buildSettings = {
				ALWAYS_EMBED_SWIFT_STANDARD_LIBRARIES = YES;
				BUNDLE_LOADER = "$(TEST_HOST)";
				CODE_SIGN_STYLE = Automatic;
				DEVELOPMENT_TEAM = F2FS772AW5;
				INFOPLIST_FILE = QuickQuadTests/Info.plist;
				IPHONEOS_DEPLOYMENT_TARGET = 13.2;
				LD_RUNPATH_SEARCH_PATHS = (
					"$(inherited)",
					"@executable_path/Frameworks",
					"@loader_path/Frameworks",
				);
				PRODUCT_BUNDLE_IDENTIFIER = com.Toyoshin.QuickQuadTests;
				PRODUCT_NAME = "$(TARGET_NAME)";
				SWIFT_VERSION = 5.0;
				TARGETED_DEVICE_FAMILY = "1,2";
				TEST_HOST = "$(BUILT_PRODUCTS_DIR)/QuickQuad.app/QuickQuad";
			};
			name = Debug;
		};
		F0F9CB67242B3DC50041FDD2 /* Release */ = {
			isa = XCBuildConfiguration;
			buildSettings = {
				ALWAYS_EMBED_SWIFT_STANDARD_LIBRARIES = YES;
				BUNDLE_LOADER = "$(TEST_HOST)";
				CODE_SIGN_STYLE = Automatic;
				DEVELOPMENT_TEAM = F2FS772AW5;
				INFOPLIST_FILE = QuickQuadTests/Info.plist;
				IPHONEOS_DEPLOYMENT_TARGET = 13.2;
				LD_RUNPATH_SEARCH_PATHS = (
					"$(inherited)",
					"@executable_path/Frameworks",
					"@loader_path/Frameworks",
				);
				PRODUCT_BUNDLE_IDENTIFIER = com.Toyoshin.QuickQuadTests;
				PRODUCT_NAME = "$(TARGET_NAME)";
				SWIFT_VERSION = 5.0;
				TARGETED_DEVICE_FAMILY = "1,2";
				TEST_HOST = "$(BUILT_PRODUCTS_DIR)/QuickQuad.app/QuickQuad";
			};
			name = Release;
		};
		F0F9CB69242B3DC50041FDD2 /* Debug */ = {
			isa = XCBuildConfiguration;
			buildSettings = {
				ALWAYS_EMBED_SWIFT_STANDARD_LIBRARIES = YES;
				CODE_SIGN_STYLE = Automatic;
				DEVELOPMENT_TEAM = F2FS772AW5;
				INFOPLIST_FILE = QuickQuadUITests/Info.plist;
				LD_RUNPATH_SEARCH_PATHS = (
					"$(inherited)",
					"@executable_path/Frameworks",
					"@loader_path/Frameworks",
				);
				PRODUCT_BUNDLE_IDENTIFIER = com.Toyoshin.QuickQuadUITests;
				PRODUCT_NAME = "$(TARGET_NAME)";
				SWIFT_VERSION = 5.0;
				TARGETED_DEVICE_FAMILY = "1,2";
				TEST_TARGET_NAME = QuickQuad;
			};
			name = Debug;
		};
		F0F9CB6A242B3DC50041FDD2 /* Release */ = {
			isa = XCBuildConfiguration;
			buildSettings = {
				ALWAYS_EMBED_SWIFT_STANDARD_LIBRARIES = YES;
				CODE_SIGN_STYLE = Automatic;
				DEVELOPMENT_TEAM = F2FS772AW5;
				INFOPLIST_FILE = QuickQuadUITests/Info.plist;
				LD_RUNPATH_SEARCH_PATHS = (
					"$(inherited)",
					"@executable_path/Frameworks",
					"@loader_path/Frameworks",
				);
				PRODUCT_BUNDLE_IDENTIFIER = com.Toyoshin.QuickQuadUITests;
				PRODUCT_NAME = "$(TARGET_NAME)";
				SWIFT_VERSION = 5.0;
				TARGETED_DEVICE_FAMILY = "1,2";
				TEST_TARGET_NAME = QuickQuad;
			};
			name = Release;
		};
/* End XCBuildConfiguration section */

/* Begin XCConfigurationList section */
		F0F9CB33242B3DC10041FDD2 /* Build configuration list for PBXProject "QuickQuad" */ = {
			isa = XCConfigurationList;
			buildConfigurations = (
				F0F9CB60242B3DC50041FDD2 /* Debug */,
				F0F9CB61242B3DC50041FDD2 /* Release */,
			);
			defaultConfigurationIsVisible = 0;
			defaultConfigurationName = Release;
		};
		F0F9CB62242B3DC50041FDD2 /* Build configuration list for PBXNativeTarget "QuickQuad" */ = {
			isa = XCConfigurationList;
			buildConfigurations = (
				F0F9CB63242B3DC50041FDD2 /* Debug */,
				F0F9CB64242B3DC50041FDD2 /* Release */,
			);
			defaultConfigurationIsVisible = 0;
			defaultConfigurationName = Release;
		};
		F0F9CB65242B3DC50041FDD2 /* Build configuration list for PBXNativeTarget "QuickQuadTests" */ = {
			isa = XCConfigurationList;
			buildConfigurations = (
				F0F9CB66242B3DC50041FDD2 /* Debug */,
				F0F9CB67242B3DC50041FDD2 /* Release */,
			);
			defaultConfigurationIsVisible = 0;
			defaultConfigurationName = Release;
		};
		F0F9CB68242B3DC50041FDD2 /* Build configuration list for PBXNativeTarget "QuickQuadUITests" */ = {
			isa = XCConfigurationList;
			buildConfigurations = (
				F0F9CB69242B3DC50041FDD2 /* Debug */,
				F0F9CB6A242B3DC50041FDD2 /* Release */,
			);
			defaultConfigurationIsVisible = 0;
			defaultConfigurationName = Release;
		};
/* End XCConfigurationList section */
	};
	rootObject = F0F9CB30242B3DC10041FDD2 /* Project object */;
}
